// !$*UTF8*$!
{
	archiveVersion = 1;
	classes = {
	};
	objectVersion = 50;
	objects = {

/* Begin PBXBuildFile section */
		EBAF04AD20A3687800A15D38 /* AppDelegate.swift in Sources */ = {isa = PBXBuildFile; fileRef = EBAF04AC20A3687800A15D38 /* AppDelegate.swift */; };
		EBAF04AF20A3687800A15D38 /* ViewController.swift in Sources */ = {isa = PBXBuildFile; fileRef = EBAF04AE20A3687800A15D38 /* ViewController.swift */; };
		EBAF04B220A3687900A15D38 /* Main.storyboard in Resources */ = {isa = PBXBuildFile; fileRef = EBAF04B020A3687900A15D38 /* Main.storyboard */; };
		EBAF04B520A3687900A15D38 /* TaskManageriOS.xcdatamodeld in Sources */ = {isa = PBXBuildFile; fileRef = EBAF04B320A3687900A15D38 /* TaskManageriOS.xcdatamodeld */; };
		EBAF04B720A3687A00A15D38 /* Assets.xcassets in Resources */ = {isa = PBXBuildFile; fileRef = EBAF04B620A3687A00A15D38 /* Assets.xcassets */; };
		EBAF04BA20A3687A00A15D38 /* LaunchScreen.storyboard in Resources */ = {isa = PBXBuildFile; fileRef = EBAF04B820A3687A00A15D38 /* LaunchScreen.storyboard */; };
		EBAF04C420AE13FA00A15D38 /* TableViewCell.swift in Sources */ = {isa = PBXBuildFile; fileRef = EBAF04C320AE13FA00A15D38 /* TableViewCell.swift */; };
/* End PBXBuildFile section */

/* Begin PBXFileReference section */
		EBAF04A920A3687800A15D38 /* TaskManageriOS.app */ = {isa = PBXFileReference; explicitFileType = wrapper.application; includeInIndex = 0; path = TaskManageriOS.app; sourceTree = BUILT_PRODUCTS_DIR; };
		EBAF04AC20A3687800A15D38 /* AppDelegate.swift */ = {isa = PBXFileReference; lastKnownFileType = sourcecode.swift; path = AppDelegate.swift; sourceTree = "<group>"; };
		EBAF04AE20A3687800A15D38 /* ViewController.swift */ = {isa = PBXFileReference; lastKnownFileType = sourcecode.swift; path = ViewController.swift; sourceTree = "<group>"; };
		EBAF04B120A3687900A15D38 /* Base */ = {isa = PBXFileReference; lastKnownFileType = file.storyboard; name = Base; path = Base.lproj/Main.storyboard; sourceTree = "<group>"; };
		EBAF04B420A3687900A15D38 /* TaskManageriOS.xcdatamodel */ = {isa = PBXFileReference; lastKnownFileType = wrapper.xcdatamodel; path = TaskManageriOS.xcdatamodel; sourceTree = "<group>"; };
		EBAF04B620A3687A00A15D38 /* Assets.xcassets */ = {isa = PBXFileReference; lastKnownFileType = folder.assetcatalog; path = Assets.xcassets; sourceTree = "<group>"; };
		EBAF04B920A3687A00A15D38 /* Base */ = {isa = PBXFileReference; lastKnownFileType = file.storyboard; name = Base; path = Base.lproj/LaunchScreen.storyboard; sourceTree = "<group>"; };
		EBAF04BB20A3687A00A15D38 /* Info.plist */ = {isa = PBXFileReference; lastKnownFileType = text.plist.xml; path = Info.plist; sourceTree = "<group>"; };
		EBAF04C320AE13FA00A15D38 /* TableViewCell.swift */ = {isa = PBXFileReference; lastKnownFileType = sourcecode.swift; path = TableViewCell.swift; sourceTree = "<group>"; };
/* End PBXFileReference section */

/* Begin PBXFrameworksBuildPhase section */
		EBAF04A620A3687800A15D38 /* Frameworks */ = {
			isa = PBXFrameworksBuildPhase;
			buildActionMask = 2147483647;
			files = (
			);
			runOnlyForDeploymentPostprocessing = 0;
		};
/* End PBXFrameworksBuildPhase section */

/* Begin PBXGroup section */
		EBAF04A020A3687800A15D38 = {
			isa = PBXGroup;
			children = (
				EBAF04AB20A3687800A15D38 /* TaskManageriOS */,
				EBAF04AA20A3687800A15D38 /* Products */,
			);
			sourceTree = "<group>";
		};
		EBAF04AA20A3687800A15D38 /* Products */ = {
			isa = PBXGroup;
			children = (
				EBAF04A920A3687800A15D38 /* TaskManageriOS.app */,
			);
			name = Products;
			sourceTree = "<group>";
		};
		EBAF04AB20A3687800A15D38 /* TaskManageriOS */ = {
			isa = PBXGroup;
			children = (
				EBAF04AC20A3687800A15D38 /* AppDelegate.swift */,
				EBAF04AE20A3687800A15D38 /* ViewController.swift */,
				EBAF04C320AE13FA00A15D38 /* TableViewCell.swift */,
				EBAF04B020A3687900A15D38 /* Main.storyboard */,
				EBAF04B620A3687A00A15D38 /* Assets.xcassets */,
				EBAF04B820A3687A00A15D38 /* LaunchScreen.storyboard */,
				EBAF04BB20A3687A00A15D38 /* Info.plist */,
				EBAF04B320A3687900A15D38 /* TaskManageriOS.xcdatamodeld */,
			);
			path = TaskManageriOS;
			sourceTree = "<group>";
		};
/* End PBXGroup section */

/* Begin PBXNativeTarget section */
		EBAF04A820A3687800A15D38 /* TaskManageriOS */ = {
			isa = PBXNativeTarget;
			buildConfigurationList = EBAF04BE20A3687A00A15D38 /* Build configuration list for PBXNativeTarget "TaskManageriOS" */;
			buildPhases = (
				EBAF04A520A3687800A15D38 /* Sources */,
				EBAF04A620A3687800A15D38 /* Frameworks */,
				EBAF04A720A3687800A15D38 /* Resources */,
			);
			buildRules = (
			);
			dependencies = (
			);
			name = TaskManageriOS;
			productName = TaskManageriOS;
			productReference = EBAF04A920A3687800A15D38 /* TaskManageriOS.app */;
			productType = "com.apple.product-type.application";
		};
/* End PBXNativeTarget section */

/* Begin PBXProject section */
		EBAF04A120A3687800A15D38 /* Project object */ = {
			isa = PBXProject;
			attributes = {
				LastSwiftUpdateCheck = 0930;
				LastUpgradeCheck = 0930;
				ORGANIZATIONNAME = "Noah Smith";
				TargetAttributes = {
					EBAF04A820A3687800A15D38 = {
						CreatedOnToolsVersion = 9.3;
					};
				};
			};
			buildConfigurationList = EBAF04A420A3687800A15D38 /* Build configuration list for PBXProject "TaskManageriOS" */;
			compatibilityVersion = "Xcode 9.3";
			developmentRegion = en;
			hasScannedForEncodings = 0;
			knownRegions = (
				en,
				Base,
			);
			mainGroup = EBAF04A020A3687800A15D38;
			productRefGroup = EBAF04AA20A3687800A15D38 /* Products */;
			projectDirPath = "";
			projectRoot = "";
			targets = (
				EBAF04A820A3687800A15D38 /* TaskManageriOS */,
			);
		};
/* End PBXProject section */

/* Begin PBXResourcesBuildPhase section */
		EBAF04A720A3687800A15D38 /* Resources */ = {
			isa = PBXResourcesBuildPhase;
			buildActionMask = 2147483647;
			files = (
				EBAF04BA20A3687A00A15D38 /* LaunchScreen.storyboard in Resources */,
				EBAF04B720A3687A00A15D38 /* Assets.xcassets in Resources */,
				EBAF04B220A3687900A15D38 /* Main.storyboard in Resources */,
			);
			runOnlyForDeploymentPostprocessing = 0;
		};
/* End PBXResourcesBuildPhase section */

/* Begin PBXSourcesBuildPhase section */
		EBAF04A520A3687800A15D38 /* Sources */ = {
			isa = PBXSourcesBuildPhase;
			buildActionMask = 2147483647;
			files = (
				EBAF04AF20A3687800A15D38 /* ViewController.swift in Sources */,
				EBAF04C420AE13FA00A15D38 /* TableViewCell.swift in Sources */,
				EBAF04AD20A3687800A15D38 /* AppDelegate.swift in Sources */,
				EBAF04B520A3687900A15D38 /* TaskManageriOS.xcdatamodeld in Sources */,
			);
			runOnlyForDeploymentPostprocessing = 0;
		};
/* End PBXSourcesBuildPhase section */

/* Begin PBXVariantGroup section */
		EBAF04B020A3687900A15D38 /* Main.storyboard */ = {
			isa = PBXVariantGroup;
			children = (
				EBAF04B120A3687900A15D38 /* Base */,
			);
			name = Main.storyboard;
			sourceTree = "<group>";
		};
		EBAF04B820A3687A00A15D38 /* LaunchScreen.storyboard */ = {
			isa = PBXVariantGroup;
			children = (
				EBAF04B920A3687A00A15D38 /* Base */,
			);
			name = LaunchScreen.storyboard;
			sourceTree = "<group>";
		};
/* End PBXVariantGroup section */

/* Begin XCBuildConfiguration section */
		EBAF04BC20A3687A00A15D38 /* Debug */ = {
			isa = XCBuildConfiguration;
			buildSettings = {
				ALWAYS_SEARCH_USER_PATHS = NO;
				CLANG_ANALYZER_NONNULL = YES;
				CLANG_ANALYZER_NUMBER_OBJECT_CONVERSION = YES_AGGRESSIVE;
				CLANG_CXX_LANGUAGE_STANDARD = "gnu++14";
				CLANG_CXX_LIBRARY = "libc++";
				CLANG_ENABLE_MODULES = YES;
				CLANG_ENABLE_OBJC_ARC = YES;
				CLANG_ENABLE_OBJC_WEAK = YES;
				CLANG_WARN_BLOCK_CAPTURE_AUTORELEASING = YES;
				CLANG_WARN_BOOL_CONVERSION = YES;
				CLANG_WARN_COMMA = YES;
				CLANG_WARN_CONSTANT_CONVERSION = YES;
				CLANG_WARN_DEPRECATED_OBJC_IMPLEMENTATIONS = YES;
				CLANG_WARN_DIRECT_OBJC_ISA_USAGE = YES_ERROR;
				CLANG_WARN_DOCUMENTATION_COMMENTS = YES;
				CLANG_WARN_EMPTY_BODY = YES;
				CLANG_WARN_ENUM_CONVERSION = YES;
				CLANG_WARN_INFINITE_RECURSION = YES;
				CLANG_WARN_INT_CONVERSION = YES;
				CLANG_WARN_NON_LITERAL_NULL_CONVERSION = YES;
				CLANG_WARN_OBJC_IMPLICIT_RETAIN_SELF = YES;
				CLANG_WARN_OBJC_LITERAL_CONVERSION = YES;
				CLANG_WARN_OBJC_ROOT_CLASS = YES_ERROR;
				CLANG_WARN_RANGE_LOOP_ANALYSIS = YES;
				CLANG_WARN_STRICT_PROTOTYPES = YES;
				CLANG_WARN_SUSPICIOUS_MOVE = YES;
				CLANG_WARN_UNGUARDED_AVAILABILITY = YES_AGGRESSIVE;
				CLANG_WARN_UNREACHABLE_CODE = YES;
				CLANG_WARN__DUPLICATE_METHOD_MATCH = YES;
				CODE_SIGN_IDENTITY = "iPhone Developer";
				COPY_PHASE_STRIP = NO;
				DEBUG_INFORMATION_FORMAT = dwarf;
				ENABLE_STRICT_OBJC_MSGSEND = YES;
				ENABLE_TESTABILITY = YES;
				GCC_C_LANGUAGE_STANDARD = gnu11;
				GCC_DYNAMIC_NO_PIC = NO;
				GCC_NO_COMMON_BLOCKS = YES;
				GCC_OPTIMIZATION_LEVEL = 0;
				GCC_PREPROCESSOR_DEFINITIONS = (
					"DEBUG=1",
					"$(inherited)",
				);
				GCC_WARN_64_TO_32_BIT_CONVERSION = YES;
				GCC_WARN_ABOUT_RETURN_TYPE = YES_ERROR;
				GCC_WARN_UNDECLARED_SELECTOR = YES;
				GCC_WARN_UNINITIALIZED_AUTOS = YES_AGGRESSIVE;
				GCC_WARN_UNUSED_FUNCTION = YES;
				GCC_WARN_UNUSED_VARIABLE = YES;
				IPHONEOS_DEPLOYMENT_TARGET = 11.3;
				MTL_ENABLE_DEBUG_INFO = YES;
				ONLY_ACTIVE_ARCH = YES;
				SDKROOT = iphoneos;
				SWIFT_ACTIVE_COMPILATION_CONDITIONS = DEBUG;
				SWIFT_OPTIMIZATION_LEVEL = "-Onone";
			};
			name = Debug;
		};
		EBAF04BD20A3687A00A15D38 /* Release */ = {
			isa = XCBuildConfiguration;
			buildSettings = {
				ALWAYS_SEARCH_USER_PATHS = NO;
				CLANG_ANALYZER_NONNULL = YES;
				CLANG_ANALYZER_NUMBER_OBJECT_CONVERSION = YES_AGGRESSIVE;
				CLANG_CXX_LANGUAGE_STANDARD = "gnu++14";
				CLANG_CXX_LIBRARY = "libc++";
				CLANG_ENABLE_MODULES = YES;
				CLANG_ENABLE_OBJC_ARC = YES;
				CLANG_ENABLE_OBJC_WEAK = YES;
				CLANG_WARN_BLOCK_CAPTURE_AUTORELEASING = YES;
				CLANG_WARN_BOOL_CONVERSION = YES;
				CLANG_WARN_COMMA = YES;
				CLANG_WARN_CONSTANT_CONVERSION = YES;
				CLANG_WARN_DEPRECATED_OBJC_IMPLEMENTATIONS = YES;
				CLANG_WARN_DIRECT_OBJC_ISA_USAGE = YES_ERROR;
				CLANG_WARN_DOCUMENTATION_COMMENTS = YES;
				CLANG_WARN_EMPTY_BODY = YES;
				CLANG_WARN_ENUM_CONVERSION = YES;
				CLANG_WARN_INFINITE_RECURSION = YES;
				CLANG_WARN_INT_CONVERSION = YES;
				CLANG_WARN_NON_LITERAL_NULL_CONVERSION = YES;
				CLANG_WARN_OBJC_IMPLICIT_RETAIN_SELF = YES;
				CLANG_WARN_OBJC_LITERAL_CONVERSION = YES;
				CLANG_WARN_OBJC_ROOT_CLASS = YES_ERROR;
				CLANG_WARN_RANGE_LOOP_ANALYSIS = YES;
				CLANG_WARN_STRICT_PROTOTYPES = YES;
				CLANG_WARN_SUSPICIOUS_MOVE = YES;
				CLANG_WARN_UNGUARDED_AVAILABILITY = YES_AGGRESSIVE;
				CLANG_WARN_UNREACHABLE_CODE = YES;
				CLANG_WARN__DUPLICATE_METHOD_MATCH = YES;
				CODE_SIGN_IDENTITY = "iPhone Developer";
				COPY_PHASE_STRIP = NO;
				DEBUG_INFORMATION_FORMAT = "dwarf-with-dsym";
				ENABLE_NS_ASSERTIONS = NO;
				ENABLE_STRICT_OBJC_MSGSEND = YES;
				GCC_C_LANGUAGE_STANDARD = gnu11;
				GCC_NO_COMMON_BLOCKS = YES;
				GCC_WARN_64_TO_32_BIT_CONVERSION = YES;
				GCC_WARN_ABOUT_RETURN_TYPE = YES_ERROR;
				GCC_WARN_UNDECLARED_SELECTOR = YES;
				GCC_WARN_UNINITIALIZED_AUTOS = YES_AGGRESSIVE;
				GCC_WARN_UNUSED_FUNCTION = YES;
				GCC_WARN_UNUSED_VARIABLE = YES;
				IPHONEOS_DEPLOYMENT_TARGET = 11.3;
				MTL_ENABLE_DEBUG_INFO = NO;
				SDKROOT = iphoneos;
				SWIFT_COMPILATION_MODE = wholemodule;
				SWIFT_OPTIMIZATION_LEVEL = "-O";
				VALIDATE_PRODUCT = YES;
			};
			name = Release;
		};
		EBAF04BF20A3687A00A15D38 /* Debug */ = {
			isa = XCBuildConfiguration;
			buildSettings = {
				ASSETCATALOG_COMPILER_APPICON_NAME = AppIcon;
				CODE_SIGN_STYLE = Automatic;
				INFOPLIST_FILE = TaskManageriOS/Info.plist;
				LD_RUNPATH_SEARCH_PATHS = (
					"$(inherited)",
					"@executable_path/Frameworks",
				);
				PRODUCT_BUNDLE_IDENTIFIER = "Noah-Smith.TaskManageriOS";
				PRODUCT_NAME = "$(TARGET_NAME)";
				SWIFT_VERSION = 4.0;
				TARGETED_DEVICE_FAMILY = "1,2";
			};
			name = Debug;
		};
		EBAF04C020A3687A00A15D38 /* Release */ = {
			isa = XCBuildConfiguration;
			buildSettings = {
				ASSETCATALOG_COMPILER_APPICON_NAME = AppIcon;
				CODE_SIGN_STYLE = Automatic;
				INFOPLIST_FILE = TaskManageriOS/Info.plist;
				LD_RUNPATH_SEARCH_PATHS = (
					"$(inherited)",
					"@executable_path/Frameworks",
				);
				PRODUCT_BUNDLE_IDENTIFIER = "Noah-Smith.TaskManageriOS";
				PRODUCT_NAME = "$(TARGET_NAME)";
				SWIFT_VERSION = 4.0;
				TARGETED_DEVICE_FAMILY = "1,2";
			};
			name = Release;
		};
/* End XCBuildConfiguration section */

/* Begin XCConfigurationList section */
		EBAF04A420A3687800A15D38 /* Build configuration list for PBXProject "TaskManageriOS" */ = {
			isa = XCConfigurationList;
			buildConfigurations = (
				EBAF04BC20A3687A00A15D38 /* Debug */,
				EBAF04BD20A3687A00A15D38 /* Release */,
			);
			defaultConfigurationIsVisible = 0;
			defaultConfigurationName = Release;
		};
		EBAF04BE20A3687A00A15D38 /* Build configuration list for PBXNativeTarget "TaskManageriOS" */ = {
			isa = XCConfigurationList;
			buildConfigurations = (
				EBAF04BF20A3687A00A15D38 /* Debug */,
				EBAF04C020A3687A00A15D38 /* Release */,
			);
			defaultConfigurationIsVisible = 0;
			defaultConfigurationName = Release;
		};
/* End XCConfigurationList section */

/* Begin XCVersionGroup section */
		EBAF04B320A3687900A15D38 /* TaskManageriOS.xcdatamodeld */ = {
			isa = XCVersionGroup;
			children = (
				EBAF04B420A3687900A15D38 /* TaskManageriOS.xcdatamodel */,
			);
			currentVersion = EBAF04B420A3687900A15D38 /* TaskManageriOS.xcdatamodel */;
			path = TaskManageriOS.xcdatamodeld;
			sourceTree = "<group>";
			versionGroupType = wrapper.xcdatamodel;
		};
/* End XCVersionGroup section */
	};
	rootObject = EBAF04A120A3687800A15D38 /* Project object */;
}
